dependencies:
  espressif/esp_lcd_sh1107:
    component_hash: 9cc00a4d066e3e1d120fd2006d30612766488379b820804092a9bfedb3c1f93c
    dependencies:
    - name: idf
      require: private
      version: '>=4.4'
    source:
      registry_url: https://components.espressif.com/
      type: service
    version: 1.1.0
  espressif/esp_lvgl_port:
    component_hash: b43dc04720d126cbfe14d53a84787e4c24b7bd7f15468e224c930ad3ffb32258
    dependencies:
    - name: idf
      require: private
      version: '>=4.4'
    - name: lvgl/lvgl
      registry_url: https://components.espressif.com
      require: public
      version: ^8
    source:
      registry_url: https://components.espressif.com/
      type: service
    version: 1.4.0
  idf:
    source:
      type: idf
    version: 5.4.0
  lvgl/lvgl:
    component_hash: 7b7ee85e48c2eb35bb242a8c7e0e4cd702e150541afb3f69089fb7ba81554d14
    dependencies: []
    source:
      registry_url: https://components.espressif.com/
      type: service
    version: 8.3.0
direct_dependencies:
- espressif/esp_lcd_sh1107
- espressif/esp_lvgl_port
- lvgl/lvgl
manifest_hash: a5547c7fde491e6fe819fa05939bc4537b12e4ba962557fc48f2f336b9e6aafe
target: esp32
version: 2.0.0
